
Microsoft Visual Studio Solution File, Format Version 12.00
# Visual Studio Version 17
VisualStudioVersion = 17.7.34024.191
MinimumVisualStudioVersion = 10.0.40219.1
Project("{FAE04EC0-301F-11D3-BF4B-00C04F79EFBC}") = "Cronometro", "Cronometro\Cronometro.csproj", "{22113E60-C4DE-4828-8AF2-AEC1CEDAF2EE}"
EndProject
Global
	GlobalSection(SolutionConfigurationPlatforms) = preSolution
		Debug|Any CPU = Debug|Any CPU
		Release|Any CPU = Release|Any CPU
	EndGlobalSection
	GlobalSection(ProjectConfigurationPlatforms) = postSolution
		{22113E60-C4DE-4828-8AF2-AEC1CEDAF2EE}.Debug|Any CPU.ActiveCfg = Debug|Any CPU
		{22113E60-C4DE-4828-8AF2-AEC1CEDAF2EE}.Debug|Any CPU.Build.0 = Debug|Any CPU
		{22113E60-C4DE-4828-8AF2-AEC1CEDAF2EE}.Release|Any CPU.ActiveCfg = Release|Any CPU
		{22113E60-C4DE-4828-8AF2-AEC1CEDAF2EE}.Release|Any CPU.Build.0 = Release|Any CPU
	EndGlobalSection
	GlobalSection(SolutionProperties) = preSolution
		HideSolutionNode = FALSE
	EndGlobalSection
	GlobalSection(ExtensibilityGlobals) = postSolution
		SolutionGuid = {531E37EE-AE6D-4D21-9426-0EA7D6234136}
	EndGlobalSection
EndGlobal
